// !$*UTF8*$!
{
	archiveVersion = 1;
	classes = {
	};
	objectVersion = 56;
	objects = {

/* Begin PBXBuildFile section */
		512546FE29FAD27F003594C8 /* pickle-point-watchOS Watch App.app in Embed Watch Content */ = {isa = PBXBuildFile; fileRef = 51D07FCB29F396860089B505 /* pickle-point-watchOS Watch App.app */; settings = {ATTRIBUTES = (RemoveHeadersOnCopy, ); }; };
		51363EAC2AF00FCE0060557C /* CameraModel.swift in Sources */ = {isa = PBXBuildFile; fileRef = 51363EAB2AF00FCE0060557C /* CameraModel.swift */; };
		515D16C72AF14A4A009494D4 /* ShareSheet.swift in Sources */ = {isa = PBXBuildFile; fileRef = 515D16C62AF14A4A009494D4 /* ShareSheet.swift */; };
		51A3C71A2A05A5BE00E01355 /* Constants.swift in Sources */ = {isa = PBXBuildFile; fileRef = 51A3C7192A05A5BE00E01355 /* Constants.swift */; };
		51A3C71B2A05A71A00E01355 /* Constants.swift in Sources */ = {isa = PBXBuildFile; fileRef = 51A3C7192A05A5BE00E01355 /* Constants.swift */; };
		51BB2DB229E5C85400E52302 /* pickle_pointApp.swift in Sources */ = {isa = PBXBuildFile; fileRef = 51BB2DB129E5C85400E52302 /* pickle_pointApp.swift */; };
		51BB2DB429E5C85400E52302 /* ContentView.swift in Sources */ = {isa = PBXBuildFile; fileRef = 51BB2DB329E5C85400E52302 /* ContentView.swift */; };
		51BB2DB629E5C85500E52302 /* Assets.xcassets in Resources */ = {isa = PBXBuildFile; fileRef = 51BB2DB529E5C85500E52302 /* Assets.xcassets */; };
		51BB2DB929E5C85500E52302 /* Preview Assets.xcassets in Resources */ = {isa = PBXBuildFile; fileRef = 51BB2DB829E5C85500E52302 /* Preview Assets.xcassets */; };
		51BB2DBB29E5C85500E52302 /* Persistence.swift in Sources */ = {isa = PBXBuildFile; fileRef = 51BB2DBA29E5C85500E52302 /* Persistence.swift */; };
		51BB2DBE29E5C85500E52302 /* pickle_point.xcdatamodeld in Sources */ = {isa = PBXBuildFile; fileRef = 51BB2DBC29E5C85500E52302 /* pickle_point.xcdatamodeld */; };
		51BB2DC529E5C8B700E52302 /* ControlsView.swift in Sources */ = {isa = PBXBuildFile; fileRef = 51BB2DC429E5C8B700E52302 /* ControlsView.swift */; };
		51BB2DC929E620BE00E52302 /* CameraPreview.swift in Sources */ = {isa = PBXBuildFile; fileRef = 51BB2DC829E620BE00E52302 /* CameraPreview.swift */; };
		51BB2DCB29E8DF2100E52302 /* ScreenRecord.swift in Sources */ = {isa = PBXBuildFile; fileRef = 51BB2DCA29E8DF2100E52302 /* ScreenRecord.swift */; };
		51C5CADD29F4B3CF005B5AB3 /* ViewModelPhone.swift in Sources */ = {isa = PBXBuildFile; fileRef = 51C5CADC29F4B3CF005B5AB3 /* ViewModelPhone.swift */; };
		51C5CAE129F4B966005B5AB3 /* ViewModelWatch.swift in Sources */ = {isa = PBXBuildFile; fileRef = 51C5CAE029F4B966005B5AB3 /* ViewModelWatch.swift */; };
		51D07FCE29F396860089B505 /* pickle_point_watchOSApp.swift in Sources */ = {isa = PBXBuildFile; fileRef = 51D07FCD29F396860089B505 /* pickle_point_watchOSApp.swift */; };
		51D07FD029F396860089B505 /* ContentView.swift in Sources */ = {isa = PBXBuildFile; fileRef = 51D07FCF29F396860089B505 /* ContentView.swift */; };
		51D07FD229F396870089B505 /* Assets.xcassets in Resources */ = {isa = PBXBuildFile; fileRef = 51D07FD129F396870089B505 /* Assets.xcassets */; };
		51D07FD529F396870089B505 /* Preview Assets.xcassets in Resources */ = {isa = PBXBuildFile; fileRef = 51D07FD429F396870089B505 /* Preview Assets.xcassets */; };
		51D07FDA29F396F60089B505 /* ControlViewWatchOS.swift in Sources */ = {isa = PBXBuildFile; fileRef = 51D07FD929F396F60089B505 /* ControlViewWatchOS.swift */; };
/* End PBXBuildFile section */

/* Begin PBXContainerItemProxy section */
		512546FF29FAD27F003594C8 /* PBXContainerItemProxy */ = {
			isa = PBXContainerItemProxy;
			containerPortal = 51BB2DA629E5C85400E52302 /* Project object */;
			proxyType = 1;
			remoteGlobalIDString = 51D07FCA29F396860089B505;
			remoteInfo = "pickle-point-watchOS Watch App";
		};
/* End PBXContainerItemProxy section */

/* Begin PBXCopyFilesBuildPhase section */
		512546FD29F9A41A003594C8 /* Embed Watch Content */ = {
			isa = PBXCopyFilesBuildPhase;
			buildActionMask = 2147483647;
			dstPath = "$(CONTENTS_FOLDER_PATH)/Watch";
			dstSubfolderSpec = 16;
			files = (
				512546FE29FAD27F003594C8 /* pickle-point-watchOS Watch App.app in Embed Watch Content */,
			);
			name = "Embed Watch Content";
			runOnlyForDeploymentPostprocessing = 0;
		};
/* End PBXCopyFilesBuildPhase section */

/* Begin PBXFileReference section */
		51363EAB2AF00FCE0060557C /* CameraModel.swift */ = {isa = PBXFileReference; lastKnownFileType = sourcecode.swift; path = CameraModel.swift; sourceTree = "<group>"; };
		515D16C62AF14A4A009494D4 /* ShareSheet.swift */ = {isa = PBXFileReference; fileEncoding = 4; lastKnownFileType = sourcecode.swift; path = ShareSheet.swift; sourceTree = "<group>"; };
		51A3C7192A05A5BE00E01355 /* Constants.swift */ = {isa = PBXFileReference; lastKnownFileType = sourcecode.swift; path = Constants.swift; sourceTree = "<group>"; };
		51BB2DAE29E5C85400E52302 /* pickle point.app */ = {isa = PBXFileReference; explicitFileType = wrapper.application; includeInIndex = 0; path = "pickle point.app"; sourceTree = BUILT_PRODUCTS_DIR; };
		51BB2DB129E5C85400E52302 /* pickle_pointApp.swift */ = {isa = PBXFileReference; lastKnownFileType = sourcecode.swift; path = pickle_pointApp.swift; sourceTree = "<group>"; };
		51BB2DB329E5C85400E52302 /* ContentView.swift */ = {isa = PBXFileReference; lastKnownFileType = sourcecode.swift; path = ContentView.swift; sourceTree = "<group>"; };
		51BB2DB529E5C85500E52302 /* Assets.xcassets */ = {isa = PBXFileReference; lastKnownFileType = folder.assetcatalog; path = Assets.xcassets; sourceTree = "<group>"; };
		51BB2DB829E5C85500E52302 /* Preview Assets.xcassets */ = {isa = PBXFileReference; lastKnownFileType = folder.assetcatalog; path = "Preview Assets.xcassets"; sourceTree = "<group>"; };
		51BB2DBA29E5C85500E52302 /* Persistence.swift */ = {isa = PBXFileReference; lastKnownFileType = sourcecode.swift; path = Persistence.swift; sourceTree = "<group>"; };
		51BB2DBD29E5C85500E52302 /* pickle_point.xcdatamodel */ = {isa = PBXFileReference; lastKnownFileType = wrapper.xcdatamodel; path = pickle_point.xcdatamodel; sourceTree = "<group>"; };
		51BB2DC429E5C8B700E52302 /* ControlsView.swift */ = {isa = PBXFileReference; lastKnownFileType = sourcecode.swift; path = ControlsView.swift; sourceTree = "<group>"; };
		51BB2DC829E620BE00E52302 /* CameraPreview.swift */ = {isa = PBXFileReference; lastKnownFileType = sourcecode.swift; path = CameraPreview.swift; sourceTree = "<group>"; };
		51BB2DCA29E8DF2100E52302 /* ScreenRecord.swift */ = {isa = PBXFileReference; lastKnownFileType = sourcecode.swift; path = ScreenRecord.swift; sourceTree = "<group>"; };
		51C5CADC29F4B3CF005B5AB3 /* ViewModelPhone.swift */ = {isa = PBXFileReference; lastKnownFileType = sourcecode.swift; path = ViewModelPhone.swift; sourceTree = "<group>"; };
		51C5CAE029F4B966005B5AB3 /* ViewModelWatch.swift */ = {isa = PBXFileReference; lastKnownFileType = sourcecode.swift; path = ViewModelWatch.swift; sourceTree = "<group>"; };
		51D07FCB29F396860089B505 /* pickle-point-watchOS Watch App.app */ = {isa = PBXFileReference; explicitFileType = wrapper.application; includeInIndex = 0; path = "pickle-point-watchOS Watch App.app"; sourceTree = BUILT_PRODUCTS_DIR; };
		51D07FCD29F396860089B505 /* pickle_point_watchOSApp.swift */ = {isa = PBXFileReference; lastKnownFileType = sourcecode.swift; path = pickle_point_watchOSApp.swift; sourceTree = "<group>"; };
		51D07FCF29F396860089B505 /* ContentView.swift */ = {isa = PBXFileReference; lastKnownFileType = sourcecode.swift; path = ContentView.swift; sourceTree = "<group>"; };
		51D07FD129F396870089B505 /* Assets.xcassets */ = {isa = PBXFileReference; lastKnownFileType = folder.assetcatalog; path = Assets.xcassets; sourceTree = "<group>"; };
		51D07FD429F396870089B505 /* Preview Assets.xcassets */ = {isa = PBXFileReference; lastKnownFileType = folder.assetcatalog; path = "Preview Assets.xcassets"; sourceTree = "<group>"; };
		51D07FD929F396F60089B505 /* ControlViewWatchOS.swift */ = {isa = PBXFileReference; lastKnownFileType = sourcecode.swift; path = ControlViewWatchOS.swift; sourceTree = "<group>"; };
/* End PBXFileReference section */

/* Begin PBXFrameworksBuildPhase section */
		51BB2DAB29E5C85400E52302 /* Frameworks */ = {
			isa = PBXFrameworksBuildPhase;
			buildActionMask = 2147483647;
			files = (
			);
			runOnlyForDeploymentPostprocessing = 0;
		};
		51D07FC829F396860089B505 /* Frameworks */ = {
			isa = PBXFrameworksBuildPhase;
			buildActionMask = 2147483647;
			files = (
			);
			runOnlyForDeploymentPostprocessing = 0;
		};
/* End PBXFrameworksBuildPhase section */

/* Begin PBXGroup section */
		512546F929F9A41A003594C8 /* Frameworks */ = {
			isa = PBXGroup;
			children = (
			);
			name = Frameworks;
			sourceTree = "<group>";
		};
		51BB2DA529E5C85400E52302 = {
			isa = PBXGroup;
			children = (
				51BB2DB029E5C85400E52302 /* pickle point */,
				51D07FCC29F396860089B505 /* pickle-point-watchOS Watch App */,
				51BB2DAF29E5C85400E52302 /* Products */,
				512546F929F9A41A003594C8 /* Frameworks */,
			);
			sourceTree = "<group>";
		};
		51BB2DAF29E5C85400E52302 /* Products */ = {
			isa = PBXGroup;
			children = (
				51BB2DAE29E5C85400E52302 /* pickle point.app */,
				51D07FCB29F396860089B505 /* pickle-point-watchOS Watch App.app */,
			);
			name = Products;
			sourceTree = "<group>";
		};
		51BB2DB029E5C85400E52302 /* pickle point */ = {
			isa = PBXGroup;
			children = (
				51BB2DB129E5C85400E52302 /* pickle_pointApp.swift */,
				51BB2DB329E5C85400E52302 /* ContentView.swift */,
				51BB2DC429E5C8B700E52302 /* ControlsView.swift */,
				51BB2DC829E620BE00E52302 /* CameraPreview.swift */,
				51363EAB2AF00FCE0060557C /* CameraModel.swift */,
				51BB2DCA29E8DF2100E52302 /* ScreenRecord.swift */,
				515D16C62AF14A4A009494D4 /* ShareSheet.swift */,
				51BB2DB529E5C85500E52302 /* Assets.xcassets */,
				51BB2DBA29E5C85500E52302 /* Persistence.swift */,
				51BB2DBC29E5C85500E52302 /* pickle_point.xcdatamodeld */,
				51C5CADC29F4B3CF005B5AB3 /* ViewModelPhone.swift */,
				51A3C7192A05A5BE00E01355 /* Constants.swift */,
				51BB2DB729E5C85500E52302 /* Preview Content */,
			);
			path = "pickle point";
			sourceTree = "<group>";
		};
		51BB2DB729E5C85500E52302 /* Preview Content */ = {
			isa = PBXGroup;
			children = (
				51BB2DB829E5C85500E52302 /* Preview Assets.xcassets */,
			);
			path = "Preview Content";
			sourceTree = "<group>";
		};
		51D07FCC29F396860089B505 /* pickle-point-watchOS Watch App */ = {
			isa = PBXGroup;
			children = (
				51D07FCD29F396860089B505 /* pickle_point_watchOSApp.swift */,
				51D07FCF29F396860089B505 /* ContentView.swift */,
				51D07FD929F396F60089B505 /* ControlViewWatchOS.swift */,
				51C5CAE029F4B966005B5AB3 /* ViewModelWatch.swift */,
				51D07FD129F396870089B505 /* Assets.xcassets */,
				51D07FD329F396870089B505 /* Preview Content */,
			);
			path = "pickle-point-watchOS Watch App";
			sourceTree = "<group>";
		};
		51D07FD329F396870089B505 /* Preview Content */ = {
			isa = PBXGroup;
			children = (
				51D07FD429F396870089B505 /* Preview Assets.xcassets */,
			);
			path = "Preview Content";
			sourceTree = "<group>";
		};
/* End PBXGroup section */

/* Begin PBXNativeTarget section */
		51BB2DAD29E5C85400E52302 /* pickle point */ = {
			isa = PBXNativeTarget;
			buildConfigurationList = 51BB2DC129E5C85500E52302 /* Build configuration list for PBXNativeTarget "pickle point" */;
			buildPhases = (
				51BB2DAA29E5C85400E52302 /* Sources */,
				51BB2DAB29E5C85400E52302 /* Frameworks */,
				51BB2DAC29E5C85400E52302 /* Resources */,
				512546FD29F9A41A003594C8 /* Embed Watch Content */,
			);
			buildRules = (
			);
			dependencies = (
				5125470029FAD27F003594C8 /* PBXTargetDependency */,
			);
			name = "pickle point";
			productName = "pickle point";
			productReference = 51BB2DAE29E5C85400E52302 /* pickle point.app */;
			productType = "com.apple.product-type.application";
		};
		51D07FCA29F396860089B505 /* pickle-point-watchOS Watch App */ = {
			isa = PBXNativeTarget;
			buildConfigurationList = 51D07FD629F396870089B505 /* Build configuration list for PBXNativeTarget "pickle-point-watchOS Watch App" */;
			buildPhases = (
				51D07FC729F396860089B505 /* Sources */,
				51D07FC829F396860089B505 /* Frameworks */,
				51D07FC929F396860089B505 /* Resources */,
			);
			buildRules = (
			);
			dependencies = (
			);
			name = "pickle-point-watchOS Watch App";
			productName = "pickle-point-watchOS Watch App";
			productReference = 51D07FCB29F396860089B505 /* pickle-point-watchOS Watch App.app */;
			productType = "com.apple.product-type.application";
		};
/* End PBXNativeTarget section */

/* Begin PBXProject section */
		51BB2DA629E5C85400E52302 /* Project object */ = {
			isa = PBXProject;
			attributes = {
				BuildIndependentTargetsInParallel = 1;
				LastSwiftUpdateCheck = 1420;
				LastUpgradeCheck = 1420;
				TargetAttributes = {
					51BB2DAD29E5C85400E52302 = {
						CreatedOnToolsVersion = 14.2;
					};
					51D07FCA29F396860089B505 = {
						CreatedOnToolsVersion = 14.2;
					};
				};
			};
			buildConfigurationList = 51BB2DA929E5C85400E52302 /* Build configuration list for PBXProject "pickle point" */;
			compatibilityVersion = "Xcode 14.0";
			developmentRegion = en;
			hasScannedForEncodings = 0;
			knownRegions = (
				en,
				Base,
			);
			mainGroup = 51BB2DA529E5C85400E52302;
			productRefGroup = 51BB2DAF29E5C85400E52302 /* Products */;
			projectDirPath = "";
			projectRoot = "";
			targets = (
				51BB2DAD29E5C85400E52302 /* pickle point */,
				51D07FCA29F396860089B505 /* pickle-point-watchOS Watch App */,
			);
		};
/* End PBXProject section */

/* Begin PBXResourcesBuildPhase section */
		51BB2DAC29E5C85400E52302 /* Resources */ = {
			isa = PBXResourcesBuildPhase;
			buildActionMask = 2147483647;
			files = (
				51BB2DB929E5C85500E52302 /* Preview Assets.xcassets in Resources */,
				51BB2DB629E5C85500E52302 /* Assets.xcassets in Resources */,
			);
			runOnlyForDeploymentPostprocessing = 0;
		};
		51D07FC929F396860089B505 /* Resources */ = {
			isa = PBXResourcesBuildPhase;
			buildActionMask = 2147483647;
			files = (
				51D07FD529F396870089B505 /* Preview Assets.xcassets in Resources */,
				51D07FD229F396870089B505 /* Assets.xcassets in Resources */,
			);
			runOnlyForDeploymentPostprocessing = 0;
		};
/* End PBXResourcesBuildPhase section */

/* Begin PBXSourcesBuildPhase section */
		51BB2DAA29E5C85400E52302 /* Sources */ = {
			isa = PBXSourcesBuildPhase;
			buildActionMask = 2147483647;
			files = (
				51BB2DBB29E5C85500E52302 /* Persistence.swift in Sources */,
				51A3C71A2A05A5BE00E01355 /* Constants.swift in Sources */,
				51BB2DB429E5C85400E52302 /* ContentView.swift in Sources */,
				51BB2DC929E620BE00E52302 /* CameraPreview.swift in Sources */,
				51363EAC2AF00FCE0060557C /* CameraModel.swift in Sources */,
				51BB2DCB29E8DF2100E52302 /* ScreenRecord.swift in Sources */,
				51C5CADD29F4B3CF005B5AB3 /* ViewModelPhone.swift in Sources */,
				51BB2DBE29E5C85500E52302 /* pickle_point.xcdatamodeld in Sources */,
				51BB2DC529E5C8B700E52302 /* ControlsView.swift in Sources */,
				51BB2DB229E5C85400E52302 /* pickle_pointApp.swift in Sources */,
				515D16C72AF14A4A009494D4 /* ShareSheet.swift in Sources */,
			);
			runOnlyForDeploymentPostprocessing = 0;
		};
		51D07FC729F396860089B505 /* Sources */ = {
			isa = PBXSourcesBuildPhase;
			buildActionMask = 2147483647;
			files = (
				51A3C71B2A05A71A00E01355 /* Constants.swift in Sources */,
				51D07FDA29F396F60089B505 /* ControlViewWatchOS.swift in Sources */,
				51D07FD029F396860089B505 /* ContentView.swift in Sources */,
				51C5CAE129F4B966005B5AB3 /* ViewModelWatch.swift in Sources */,
				51D07FCE29F396860089B505 /* pickle_point_watchOSApp.swift in Sources */,
			);
			runOnlyForDeploymentPostprocessing = 0;
		};
/* End PBXSourcesBuildPhase section */

/* Begin PBXTargetDependency section */
		5125470029FAD27F003594C8 /* PBXTargetDependency */ = {
			isa = PBXTargetDependency;
			target = 51D07FCA29F396860089B505 /* pickle-point-watchOS Watch App */;
			targetProxy = 512546FF29FAD27F003594C8 /* PBXContainerItemProxy */;
		};
/* End PBXTargetDependency section */

/* Begin XCBuildConfiguration section */
		51BB2DBF29E5C85500E52302 /* Debug */ = {
			isa = XCBuildConfiguration;
			buildSettings = {
				ALWAYS_SEARCH_USER_PATHS = NO;
				CLANG_ANALYZER_NONNULL = YES;
				CLANG_ANALYZER_NUMBER_OBJECT_CONVERSION = YES_AGGRESSIVE;
				CLANG_CXX_LANGUAGE_STANDARD = "gnu++20";
				CLANG_ENABLE_MODULES = YES;
				CLANG_ENABLE_OBJC_ARC = YES;
				CLANG_ENABLE_OBJC_WEAK = YES;
				CLANG_WARN_BLOCK_CAPTURE_AUTORELEASING = YES;
				CLANG_WARN_BOOL_CONVERSION = YES;
				CLANG_WARN_COMMA = YES;
				CLANG_WARN_CONSTANT_CONVERSION = YES;
				CLANG_WARN_DEPRECATED_OBJC_IMPLEMENTATIONS = YES;
				CLANG_WARN_DIRECT_OBJC_ISA_USAGE = YES_ERROR;
				CLANG_WARN_DOCUMENTATION_COMMENTS = YES;
				CLANG_WARN_EMPTY_BODY = YES;
				CLANG_WARN_ENUM_CONVERSION = YES;
				CLANG_WARN_INFINITE_RECURSION = YES;
				CLANG_WARN_INT_CONVERSION = YES;
				CLANG_WARN_NON_LITERAL_NULL_CONVERSION = YES;
				CLANG_WARN_OBJC_IMPLICIT_RETAIN_SELF = YES;
				CLANG_WARN_OBJC_LITERAL_CONVERSION = YES;
				CLANG_WARN_OBJC_ROOT_CLASS = YES_ERROR;
				CLANG_WARN_QUOTED_INCLUDE_IN_FRAMEWORK_HEADER = YES;
				CLANG_WARN_RANGE_LOOP_ANALYSIS = YES;
				CLANG_WARN_STRICT_PROTOTYPES = YES;
				CLANG_WARN_SUSPICIOUS_MOVE = YES;
				CLANG_WARN_UNGUARDED_AVAILABILITY = YES_AGGRESSIVE;
				CLANG_WARN_UNREACHABLE_CODE = YES;
				CLANG_WARN__DUPLICATE_METHOD_MATCH = YES;
				COPY_PHASE_STRIP = NO;
				DEBUG_INFORMATION_FORMAT = dwarf;
				ENABLE_STRICT_OBJC_MSGSEND = YES;
				ENABLE_TESTABILITY = YES;
				GCC_C_LANGUAGE_STANDARD = gnu11;
				GCC_DYNAMIC_NO_PIC = NO;
				GCC_NO_COMMON_BLOCKS = YES;
				GCC_OPTIMIZATION_LEVEL = 0;
				GCC_PREPROCESSOR_DEFINITIONS = (
					"DEBUG=1",
					"$(inherited)",
				);
				GCC_WARN_64_TO_32_BIT_CONVERSION = YES;
				GCC_WARN_ABOUT_RETURN_TYPE = YES_ERROR;
				GCC_WARN_UNDECLARED_SELECTOR = YES;
				GCC_WARN_UNINITIALIZED_AUTOS = YES_AGGRESSIVE;
				GCC_WARN_UNUSED_FUNCTION = YES;
				GCC_WARN_UNUSED_VARIABLE = YES;
				IPHONEOS_DEPLOYMENT_TARGET = 16.2;
				MTL_ENABLE_DEBUG_INFO = INCLUDE_SOURCE;
				MTL_FAST_MATH = YES;
				ONLY_ACTIVE_ARCH = YES;
				SDKROOT = iphoneos;
				SWIFT_ACTIVE_COMPILATION_CONDITIONS = DEBUG;
				SWIFT_OPTIMIZATION_LEVEL = "-Onone";
			};
			name = Debug;
		};
		51BB2DC029E5C85500E52302 /* Release */ = {
			isa = XCBuildConfiguration;
			buildSettings = {
				ALWAYS_SEARCH_USER_PATHS = NO;
				CLANG_ANALYZER_NONNULL = YES;
				CLANG_ANALYZER_NUMBER_OBJECT_CONVERSION = YES_AGGRESSIVE;
				CLANG_CXX_LANGUAGE_STANDARD = "gnu++20";
				CLANG_ENABLE_MODULES = YES;
				CLANG_ENABLE_OBJC_ARC = YES;
				CLANG_ENABLE_OBJC_WEAK = YES;
				CLANG_WARN_BLOCK_CAPTURE_AUTORELEASING = YES;
				CLANG_WARN_BOOL_CONVERSION = YES;
				CLANG_WARN_COMMA = YES;
				CLANG_WARN_CONSTANT_CONVERSION = YES;
				CLANG_WARN_DEPRECATED_OBJC_IMPLEMENTATIONS = YES;
				CLANG_WARN_DIRECT_OBJC_ISA_USAGE = YES_ERROR;
				CLANG_WARN_DOCUMENTATION_COMMENTS = YES;
				CLANG_WARN_EMPTY_BODY = YES;
				CLANG_WARN_ENUM_CONVERSION = YES;
				CLANG_WARN_INFINITE_RECURSION = YES;
				CLANG_WARN_INT_CONVERSION = YES;
				CLANG_WARN_NON_LITERAL_NULL_CONVERSION = YES;
				CLANG_WARN_OBJC_IMPLICIT_RETAIN_SELF = YES;
				CLANG_WARN_OBJC_LITERAL_CONVERSION = YES;
				CLANG_WARN_OBJC_ROOT_CLASS = YES_ERROR;
				CLANG_WARN_QUOTED_INCLUDE_IN_FRAMEWORK_HEADER = YES;
				CLANG_WARN_RANGE_LOOP_ANALYSIS = YES;
				CLANG_WARN_STRICT_PROTOTYPES = YES;
				CLANG_WARN_SUSPICIOUS_MOVE = YES;
				CLANG_WARN_UNGUARDED_AVAILABILITY = YES_AGGRESSIVE;
				CLANG_WARN_UNREACHABLE_CODE = YES;
				CLANG_WARN__DUPLICATE_METHOD_MATCH = YES;
				COPY_PHASE_STRIP = NO;
				DEBUG_INFORMATION_FORMAT = "dwarf-with-dsym";
				ENABLE_NS_ASSERTIONS = NO;
				ENABLE_STRICT_OBJC_MSGSEND = YES;
				GCC_C_LANGUAGE_STANDARD = gnu11;
				GCC_NO_COMMON_BLOCKS = YES;
				GCC_WARN_64_TO_32_BIT_CONVERSION = YES;
				GCC_WARN_ABOUT_RETURN_TYPE = YES_ERROR;
				GCC_WARN_UNDECLARED_SELECTOR = YES;
				GCC_WARN_UNINITIALIZED_AUTOS = YES_AGGRESSIVE;
				GCC_WARN_UNUSED_FUNCTION = YES;
				GCC_WARN_UNUSED_VARIABLE = YES;
				IPHONEOS_DEPLOYMENT_TARGET = 16.2;
				MTL_ENABLE_DEBUG_INFO = NO;
				MTL_FAST_MATH = YES;
				SDKROOT = iphoneos;
				SWIFT_COMPILATION_MODE = wholemodule;
				SWIFT_OPTIMIZATION_LEVEL = "-O";
				VALIDATE_PRODUCT = YES;
			};
			name = Release;
		};
		51BB2DC229E5C85500E52302 /* Debug */ = {
			isa = XCBuildConfiguration;
			buildSettings = {
				ASSETCATALOG_COMPILER_APPICON_NAME = AppIcon;
				ASSETCATALOG_COMPILER_GLOBAL_ACCENT_COLOR_NAME = AccentColor;
				CODE_SIGN_STYLE = Automatic;
				CURRENT_PROJECT_VERSION = 1;
				DEVELOPMENT_ASSET_PATHS = "\"pickle point/Preview Content\"";
				DEVELOPMENT_TEAM = XUZG54S76B;
				ENABLE_PREVIEWS = YES;
				GENERATE_INFOPLIST_FILE = YES;
				INFOPLIST_KEY_LSApplicationCategoryType = "";
				INFOPLIST_KEY_NSCameraUsageDescription = "\"Please enable camera usage for video recording\"";
				INFOPLIST_KEY_NSMicrophoneUsageDescription = "\"Please enable mic for audio recording\"";
				INFOPLIST_KEY_NSPhotoLibraryUsageDescription = "";
				INFOPLIST_KEY_UIApplicationSceneManifest_Generation = YES;
				INFOPLIST_KEY_UIApplicationSupportsIndirectInputEvents = YES;
				INFOPLIST_KEY_UILaunchScreen_Generation = YES;
				INFOPLIST_KEY_UISupportedInterfaceOrientations_iPad = "UIInterfaceOrientationLandscapeLeft UIInterfaceOrientationLandscapeRight UIInterfaceOrientationPortrait UIInterfaceOrientationPortraitUpsideDown";
				IPHONEOS_DEPLOYMENT_TARGET = 16.0;
				LD_RUNPATH_SEARCH_PATHS = (
					"$(inherited)",
					"@executable_path/Frameworks",
				);
				MARKETING_VERSION = 1.0;
				PRODUCT_BUNDLE_IDENTIFIER = "com.wyyeoh.pickle-point";
				PRODUCT_NAME = "$(TARGET_NAME)";
				SWIFT_EMIT_LOC_STRINGS = YES;
				SWIFT_VERSION = 5.0;
				TARGETED_DEVICE_FAMILY = "1,2";
			};
			name = Debug;
		};
		51BB2DC329E5C85500E52302 /* Release */ = {
			isa = XCBuildConfiguration;
			buildSettings = {
				ASSETCATALOG_COMPILER_APPICON_NAME = AppIcon;
				ASSETCATALOG_COMPILER_GLOBAL_ACCENT_COLOR_NAME = AccentColor;
				CODE_SIGN_STYLE = Automatic;
				CURRENT_PROJECT_VERSION = 1;
				DEVELOPMENT_ASSET_PATHS = "\"pickle point/Preview Content\"";
				DEVELOPMENT_TEAM = XUZG54S76B;
				ENABLE_PREVIEWS = YES;
				GENERATE_INFOPLIST_FILE = YES;
				INFOPLIST_KEY_LSApplicationCategoryType = "";
				INFOPLIST_KEY_NSCameraUsageDescription = "\"Please enable camera usage for video recording\"";
				INFOPLIST_KEY_NSMicrophoneUsageDescription = "\"Please enable mic for audio recording\"";
				INFOPLIST_KEY_NSPhotoLibraryUsageDescription = "";
				INFOPLIST_KEY_UIApplicationSceneManifest_Generation = YES;
				INFOPLIST_KEY_UIApplicationSupportsIndirectInputEvents = YES;
				INFOPLIST_KEY_UILaunchScreen_Generation = YES;
				INFOPLIST_KEY_UISupportedInterfaceOrientations_iPad = "UIInterfaceOrientationLandscapeLeft UIInterfaceOrientationLandscapeRight UIInterfaceOrientationPortrait UIInterfaceOrientationPortraitUpsideDown";
				IPHONEOS_DEPLOYMENT_TARGET = 16.0;
				LD_RUNPATH_SEARCH_PATHS = (
					"$(inherited)",
					"@executable_path/Frameworks",
				);
				MARKETING_VERSION = 1.0;
				PRODUCT_BUNDLE_IDENTIFIER = "com.wyyeoh.pickle-point";
				PRODUCT_NAME = "$(TARGET_NAME)";
				SWIFT_EMIT_LOC_STRINGS = YES;
				SWIFT_VERSION = 5.0;
				TARGETED_DEVICE_FAMILY = "1,2";
			};
			name = Release;
		};
		51D07FD729F396870089B505 /* Debug */ = {
			isa = XCBuildConfiguration;
			buildSettings = {
				ASSETCATALOG_COMPILER_APPICON_NAME = AppIcon;
				ASSETCATALOG_COMPILER_GLOBAL_ACCENT_COLOR_NAME = AccentColor;
				CODE_SIGN_STYLE = Automatic;
				CURRENT_PROJECT_VERSION = 1;
				DEVELOPMENT_ASSET_PATHS = "\"pickle-point-watchOS Watch App/Preview Content\"";
				DEVELOPMENT_TEAM = XUZG54S76B;
				ENABLE_PREVIEWS = YES;
				GENERATE_INFOPLIST_FILE = YES;
				INFOPLIST_KEY_CFBundleDisplayName = "pickle-point-watchOS";
				INFOPLIST_KEY_UISupportedInterfaceOrientations = "UIInterfaceOrientationPortrait UIInterfaceOrientationPortraitUpsideDown";
				INFOPLIST_KEY_WKCompanionAppBundleIdentifier = "com.wyyeoh.pickle-point";
				INFOPLIST_KEY_WKRunsIndependentlyOfCompanionApp = YES;
				LD_RUNPATH_SEARCH_PATHS = (
					"$(inherited)",
					"@executable_path/Frameworks",
				);
				MARKETING_VERSION = 1.0;
				PRODUCT_BUNDLE_IDENTIFIER = "com.wyyeoh.pickle-point.watchkit";
				PRODUCT_NAME = "$(TARGET_NAME)";
				SDKROOT = watchos;
				SKIP_INSTALL = YES;
				SWIFT_EMIT_LOC_STRINGS = YES;
				SWIFT_VERSION = 5.0;
				TARGETED_DEVICE_FAMILY = 4;
				WATCHOS_DEPLOYMENT_TARGET = 8.0;
			};
			name = Debug;
		};
		51D07FD829F396870089B505 /* Release */ = {
			isa = XCBuildConfiguration;
			buildSettings = {
				ASSETCATALOG_COMPILER_APPICON_NAME = AppIcon;
				ASSETCATALOG_COMPILER_GLOBAL_ACCENT_COLOR_NAME = AccentColor;
				CODE_SIGN_STYLE = Automatic;
				CURRENT_PROJECT_VERSION = 1;
				DEVELOPMENT_ASSET_PATHS = "\"pickle-point-watchOS Watch App/Preview Content\"";
				DEVELOPMENT_TEAM = XUZG54S76B;
				ENABLE_PREVIEWS = YES;
				GENERATE_INFOPLIST_FILE = YES;
				INFOPLIST_KEY_CFBundleDisplayName = "pickle-point-watchOS";
				INFOPLIST_KEY_UISupportedInterfaceOrientations = "UIInterfaceOrientationPortrait UIInterfaceOrientationPortraitUpsideDown";
				INFOPLIST_KEY_WKCompanionAppBundleIdentifier = "com.wyyeoh.pickle-point";
				INFOPLIST_KEY_WKRunsIndependentlyOfCompanionApp = YES;
				LD_RUNPATH_SEARCH_PATHS = (
					"$(inherited)",
					"@executable_path/Frameworks",
				);
				MARKETING_VERSION = 1.0;
				PRODUCT_BUNDLE_IDENTIFIER = "com.wyyeoh.pickle-point.watchkit";
				PRODUCT_NAME = "$(TARGET_NAME)";
				SDKROOT = watchos;
				SKIP_INSTALL = YES;
				SWIFT_EMIT_LOC_STRINGS = YES;
				SWIFT_VERSION = 5.0;
				TARGETED_DEVICE_FAMILY = 4;
				WATCHOS_DEPLOYMENT_TARGET = 8.0;
			};
			name = Release;
		};
/* End XCBuildConfiguration section */

/* Begin XCConfigurationList section */
		51BB2DA929E5C85400E52302 /* Build configuration list for PBXProject "pickle point" */ = {
			isa = XCConfigurationList;
			buildConfigurations = (
				51BB2DBF29E5C85500E52302 /* Debug */,
				51BB2DC029E5C85500E52302 /* Release */,
			);
			defaultConfigurationIsVisible = 0;
			defaultConfigurationName = Release;
		};
		51BB2DC129E5C85500E52302 /* Build configuration list for PBXNativeTarget "pickle point" */ = {
			isa = XCConfigurationList;
			buildConfigurations = (
				51BB2DC229E5C85500E52302 /* Debug */,
				51BB2DC329E5C85500E52302 /* Release */,
			);
			defaultConfigurationIsVisible = 0;
			defaultConfigurationName = Release;
		};
		51D07FD629F396870089B505 /* Build configuration list for PBXNativeTarget "pickle-point-watchOS Watch App" */ = {
			isa = XCConfigurationList;
			buildConfigurations = (
				51D07FD729F396870089B505 /* Debug */,
				51D07FD829F396870089B505 /* Release */,
			);
			defaultConfigurationIsVisible = 0;
			defaultConfigurationName = Release;
		};
/* End XCConfigurationList section */

/* Begin XCVersionGroup section */
		51BB2DBC29E5C85500E52302 /* pickle_point.xcdatamodeld */ = {
			isa = XCVersionGroup;
			children = (
				51BB2DBD29E5C85500E52302 /* pickle_point.xcdatamodel */,
			);
			currentVersion = 51BB2DBD29E5C85500E52302 /* pickle_point.xcdatamodel */;
			path = pickle_point.xcdatamodeld;
			sourceTree = "<group>";
			versionGroupType = wrapper.xcdatamodel;
		};
/* End XCVersionGroup section */
	};
	rootObject = 51BB2DA629E5C85400E52302 /* Project object */;
}
